
Microsoft Visual Studio Solution File, Format Version 12.00
# Visual Studio Version 17
VisualStudioVersion = 17.14.36915.13 d17.14
MinimumVisualStudioVersion = 10.0.40219.1
Project("{FAE04EC0-301F-11D3-BF4B-00C04F79EFBC}") = "Prime_Number", "Prime_Number.csproj", "{20961BC4-D1D5-419E-98D4-260DDB5D28BB}"
EndProject
Global
	GlobalSection(SolutionConfigurationPlatforms) = preSolution
		Debug|Any CPU = Debug|Any CPU
		Release|Any CPU = Release|Any CPU
	EndGlobalSection
	GlobalSection(ProjectConfigurationPlatforms) = postSolution
		{20961BC4-D1D5-419E-98D4-260DDB5D28BB}.Debug|Any CPU.ActiveCfg = Debug|Any CPU
		{20961BC4-D1D5-419E-98D4-260DDB5D28BB}.Debug|Any CPU.Build.0 = Debug|Any CPU
		{20961BC4-D1D5-419E-98D4-260DDB5D28BB}.Release|Any CPU.ActiveCfg = Release|Any CPU
		{20961BC4-D1D5-419E-98D4-260DDB5D28BB}.Release|Any CPU.Build.0 = Release|Any CPU
	EndGlobalSection
	GlobalSection(SolutionProperties) = preSolution
		HideSolutionNode = FALSE
	EndGlobalSection
	GlobalSection(ExtensibilityGlobals) = postSolution
		SolutionGuid = {E2E39774-954E-418C-9B0D-2D482DACBB88}
	EndGlobalSection
EndGlobal
