
Microsoft Visual Studio Solution File, Format Version 12.00
# Visual Studio Version 17
VisualStudioVersion = 17.14.36915.13 d17.14
MinimumVisualStudioVersion = 10.0.40219.1
Project("{FAE04EC0-301F-11D3-BF4B-00C04F79EFBC}") = "Insertion_Sort", "Insertion_Sort.csproj", "{8152231D-0129-47FB-B6D9-72B91327278D}"
EndProject
Global
	GlobalSection(SolutionConfigurationPlatforms) = preSolution
		Debug|Any CPU = Debug|Any CPU
		Release|Any CPU = Release|Any CPU
	EndGlobalSection
	GlobalSection(ProjectConfigurationPlatforms) = postSolution
		{8152231D-0129-47FB-B6D9-72B91327278D}.Debug|Any CPU.ActiveCfg = Debug|Any CPU
		{8152231D-0129-47FB-B6D9-72B91327278D}.Debug|Any CPU.Build.0 = Debug|Any CPU
		{8152231D-0129-47FB-B6D9-72B91327278D}.Release|Any CPU.ActiveCfg = Release|Any CPU
		{8152231D-0129-47FB-B6D9-72B91327278D}.Release|Any CPU.Build.0 = Release|Any CPU
	EndGlobalSection
	GlobalSection(SolutionProperties) = preSolution
		HideSolutionNode = FALSE
	EndGlobalSection
	GlobalSection(ExtensibilityGlobals) = postSolution
		SolutionGuid = {1CBE27D2-52B1-4234-817C-B01ED32BD536}
	EndGlobalSection
EndGlobal
