
Microsoft Visual Studio Solution File, Format Version 12.00
# Visual Studio Version 17
VisualStudioVersion = 17.14.37012.4 d17.14
MinimumVisualStudioVersion = 10.0.40219.1
Project("{FAE04EC0-301F-11D3-BF4B-00C04F79EFBC}") = "ConnectionSecretManager", "ConnectionSecretManager.csproj", "{21A194CD-DB73-47A2-A2EF-C3B10AB6ECA0}"
EndProject
Global
	GlobalSection(SolutionConfigurationPlatforms) = preSolution
		Debug|Any CPU = Debug|Any CPU
		Release|Any CPU = Release|Any CPU
	EndGlobalSection
	GlobalSection(ProjectConfigurationPlatforms) = postSolution
		{21A194CD-DB73-47A2-A2EF-C3B10AB6ECA0}.Debug|Any CPU.ActiveCfg = Debug|Any CPU
		{21A194CD-DB73-47A2-A2EF-C3B10AB6ECA0}.Debug|Any CPU.Build.0 = Debug|Any CPU
		{21A194CD-DB73-47A2-A2EF-C3B10AB6ECA0}.Release|Any CPU.ActiveCfg = Release|Any CPU
		{21A194CD-DB73-47A2-A2EF-C3B10AB6ECA0}.Release|Any CPU.Build.0 = Release|Any CPU
	EndGlobalSection
	GlobalSection(SolutionProperties) = preSolution
		HideSolutionNode = FALSE
	EndGlobalSection
	GlobalSection(ExtensibilityGlobals) = postSolution
		SolutionGuid = {52BA924D-773F-421E-9053-BE64F20B7385}
	EndGlobalSection
EndGlobal
