
Microsoft Visual Studio Solution File, Format Version 12.00
# Visual Studio Version 17
VisualStudioVersion = 17.14.37012.4 d17.14
MinimumVisualStudioVersion = 10.0.40219.1
Project("{FAE04EC0-301F-11D3-BF4B-00C04F79EFBC}") = "User_Secrets_App", "User_Secrets_App.csproj", "{E5B7A3ED-E879-4752-B78B-0EA9FAE2B95D}"
EndProject
Global
	GlobalSection(SolutionConfigurationPlatforms) = preSolution
		Debug|Any CPU = Debug|Any CPU
		Release|Any CPU = Release|Any CPU
	EndGlobalSection
	GlobalSection(ProjectConfigurationPlatforms) = postSolution
		{E5B7A3ED-E879-4752-B78B-0EA9FAE2B95D}.Debug|Any CPU.ActiveCfg = Debug|Any CPU
		{E5B7A3ED-E879-4752-B78B-0EA9FAE2B95D}.Debug|Any CPU.Build.0 = Debug|Any CPU
		{E5B7A3ED-E879-4752-B78B-0EA9FAE2B95D}.Release|Any CPU.ActiveCfg = Release|Any CPU
		{E5B7A3ED-E879-4752-B78B-0EA9FAE2B95D}.Release|Any CPU.Build.0 = Release|Any CPU
	EndGlobalSection
	GlobalSection(SolutionProperties) = preSolution
		HideSolutionNode = FALSE
	EndGlobalSection
	GlobalSection(ExtensibilityGlobals) = postSolution
		SolutionGuid = {A47CFDF7-6D84-47CC-B4AF-9FCBEAE0184B}
	EndGlobalSection
EndGlobal
